
Microsoft Visual Studio Solution File, Format Version 12.00
# Visual Studio Version 17
VisualStudioVersion = 17.0.32014.148
MinimumVisualStudioVersion = 10.0.40219.1
Project("{9A19103F-16F7-4668-BE54-9A1E7A4F7556}") = "ProfitAndLoss", "ProfitAndLoss\ProfitAndLoss.csproj", "{D3C88AD4-1920-4CCA-90C5-F10F6E3B3DCE}"
EndProject
Project("{FAE04EC0-301F-11D3-BF4B-00C04F79EFBC}") = "Mobile.Android", "Mobile\Mobile.Android\Mobile.Android.csproj", "{C5BE84D1-7D16-41C9-B5E8-48094B26C527}"
EndProject
Project("{FAE04EC0-301F-11D3-BF4B-00C04F79EFBC}") = "Mobile", "Mobile\Mobile\Mobile.csproj", "{323B7294-9EF4-4951-8A93-E2DB21C17D01}"
EndProject
Global
	GlobalSection(SolutionConfigurationPlatforms) = preSolution
		Debug|Any CPU = Debug|Any CPU
		Release|Any CPU = Release|Any CPU
	EndGlobalSection
	GlobalSection(ProjectConfigurationPlatforms) = postSolution
		{D3C88AD4-1920-4CCA-90C5-F10F6E3B3DCE}.Debug|Any CPU.ActiveCfg = Debug|Any CPU
		{D3C88AD4-1920-4CCA-90C5-F10F6E3B3DCE}.Debug|Any CPU.Build.0 = Debug|Any CPU
		{D3C88AD4-1920-4CCA-90C5-F10F6E3B3DCE}.Release|Any CPU.ActiveCfg = Release|Any CPU
		{D3C88AD4-1920-4CCA-90C5-F10F6E3B3DCE}.Release|Any CPU.Build.0 = Release|Any CPU
		{C5BE84D1-7D16-41C9-B5E8-48094B26C527}.Debug|Any CPU.ActiveCfg = Debug|Any CPU
		{C5BE84D1-7D16-41C9-B5E8-48094B26C527}.Debug|Any CPU.Build.0 = Debug|Any CPU
		{C5BE84D1-7D16-41C9-B5E8-48094B26C527}.Debug|Any CPU.Deploy.0 = Debug|Any CPU
		{C5BE84D1-7D16-41C9-B5E8-48094B26C527}.Release|Any CPU.ActiveCfg = Release|Any CPU
		{C5BE84D1-7D16-41C9-B5E8-48094B26C527}.Release|Any CPU.Build.0 = Release|Any CPU
		{C5BE84D1-7D16-41C9-B5E8-48094B26C527}.Release|Any CPU.Deploy.0 = Release|Any CPU
		{323B7294-9EF4-4951-8A93-E2DB21C17D01}.Debug|Any CPU.ActiveCfg = Debug|Any CPU
		{323B7294-9EF4-4951-8A93-E2DB21C17D01}.Debug|Any CPU.Build.0 = Debug|Any CPU
		{323B7294-9EF4-4951-8A93-E2DB21C17D01}.Release|Any CPU.ActiveCfg = Release|Any CPU
		{323B7294-9EF4-4951-8A93-E2DB21C17D01}.Release|Any CPU.Build.0 = Release|Any CPU
	EndGlobalSection
	GlobalSection(SolutionProperties) = preSolution
		HideSolutionNode = FALSE
	EndGlobalSection
	GlobalSection(ExtensibilityGlobals) = postSolution
		SolutionGuid = {0A070F6A-B06F-43F3-A8AD-E920D6D3294C}
	EndGlobalSection
EndGlobal
